
Microsoft Visual Studio Solution File, Format Version 12.00
# Visual Studio Version 17
VisualStudioVersion = 17.0.31903.59
MinimumVisualStudioVersion = 10.0.40219.1
Project("{FAE04EC0-301F-11D3-BF4B-00C04F79EFBC}") = "Payment.Api", "src\Payment.Api\Payment.Api.csproj", "{AA1F38DB-2DB0-4A11-92D3-4B7AAE37C001}"
EndProject
Project("{FAE04EC0-301F-11D3-BF4B-00C04F79EFBC}") = "Payment.Api.Tests", "tests\Payment.Api.Tests\Payment.Api.Tests.csproj", "{AA1F38DB-2DB0-4A11-92D3-4B7AAE37C002}"
EndProject
Global
	GlobalSection(SolutionConfigurationPlatforms) = preSolution
		Debug|Any CPU = Debug|Any CPU
		Release|Any CPU = Release|Any CPU
	EndGlobalSection
	GlobalSection(ProjectConfigurationPlatforms) = postSolution
		{AA1F38DB-2DB0-4A11-92D3-4B7AAE37C001}.Debug|Any CPU.ActiveCfg = Debug|Any CPU
		{AA1F38DB-2DB0-4A11-92D3-4B7AAE37C001}.Debug|Any CPU.Build.0 = Debug|Any CPU
		{AA1F38DB-2DB0-4A11-92D3-4B7AAE37C001}.Release|Any CPU.ActiveCfg = Release|Any CPU
		{AA1F38DB-2DB0-4A11-92D3-4B7AAE37C001}.Release|Any CPU.Build.0 = Release|Any CPU
		{AA1F38DB-2DB0-4A11-92D3-4B7AAE37C002}.Debug|Any CPU.ActiveCfg = Debug|Any CPU
		{AA1F38DB-2DB0-4A11-92D3-4B7AAE37C002}.Debug|Any CPU.Build.0 = Debug|Any CPU
		{AA1F38DB-2DB0-4A11-92D3-4B7AAE37C002}.Release|Any CPU.ActiveCfg = Release|Any CPU
		{AA1F38DB-2DB0-4A11-92D3-4B7AAE37C002}.Release|Any CPU.Build.0 = Release|Any CPU
	EndGlobalSection
EndGlobal
